PODS:
  - AFNetworking (3.2.1):
    - AFNetworking/NSURLSession (= 3.2.1)
    - AFNetworking/Reachability (= 3.2.1)
    - AFNetworking/Security (= 3.2.1)
    - AFNetworking/Serialization (= 3.2.1)
    - AFNetworking/UIKit (= 3.2.1)
  - AFNetworking/NSURLSession (3.2.1):
    - AFNetworking/Reachability
    - AFNetworking/Security
    - AFNetworking/Serialization
  - AFNetworking/Reachability (3.2.1)
  - AFNetworking/Security (3.2.1)
  - AFNetworking/Serialization (3.2.1)
  - AFNetworking/UIKit (3.2.1):
    - AFNetworking/NSURLSession
  - DZNEmptyDataSet (1.8.1)
  - FMDB (2.7.5):
    - FMDB/standard (= 2.7.5)
  - FMDB/standard (2.7.5)
  - FMDBExtension (0.0.2):
    - FMDB
  - LTxCamera (0.0.7):
    - LTxCamera/Ablum (= 0.0.7)
    - LTxCamera/Common (= 0.0.7)
    - LTxCamera/Core (= 0.0.7)
    - LTxCamera/Model (= 0.0.7)
    - LTxCamera/Scan (= 0.0.7)
    - LTxCamera/Shoot (= 0.0.7)
    - LTxCamera/View (= 0.0.7)
  - LTxCamera/Ablum (0.0.7):
    - LTxCamera/Common
    - LTxCamera/View
  - LTxCamera/Common (0.0.7):
    - LTxCamera/Model
  - LTxCamera/Core (0.0.7):
    - LTxCamera/Ablum
    - LTxCamera/Scan
    - LTxCamera/Shoot
    - LTxCamera/View
  - LTxCamera/Model (0.0.7)
  - LTxCamera/Scan (0.0.7):
    - LTxCamera/Common
  - LTxCamera/Shoot (0.0.7):
    - LTxCamera/Common
    - LTxCamera/View
  - LTxCamera/View (0.0.7):
    - LTxCamera/Common
  - LTxCategories (0.0.7):
    - LTxCategories/Common (= 0.0.7)
    - LTxCategories/Core (= 0.0.7)
    - LTxCategories/NSFoundation (= 0.0.7)
    - LTxCategories/UIKit (= 0.0.7)
  - LTxCategories/Common (0.0.7)
  - LTxCategories/Core (0.0.7):
    - LTxCategories/NSFoundation
    - LTxCategories/UIKit
  - LTxCategories/NSFoundation (0.0.7):
    - LTxCategories/Common
  - LTxCategories/UIKit (0.0.7):
    - LTxCategories/Common
  - LTxCore (0.5.8):
    - AFNetworking (~> 3.2.1)
    - DZNEmptyDataSet (~> 1.8.1)
    - FMDBExtension
    - LTxCategories
    - LTxCore/Controllers (= 0.5.8)
    - LTxCore/Core (= 0.5.8)
    - LTxCore/Model (= 0.5.8)
    - LTxCore/Utils (= 0.5.8)
    - LTxCore/ViewModel (= 0.5.8)
    - LTxCore/Views (= 0.5.8)
    - MBProgressHUD
    - MJRefresh (~> 3.1.15.3)
    - SSZipArchive (~> 2.1.3)
  - LTxCore/Controllers (0.5.8):
    - AFNetworking (~> 3.2.1)
    - DZNEmptyDataSet (~> 1.8.1)
    - FMDBExtension
    - LTxCategories
    - LTxCore/ViewModel
    - LTxCore/Views
    - MBProgressHUD
    - MJRefresh (~> 3.1.15.3)
    - SSZipArchive (~> 2.1.3)
  - LTxCore/Core (0.5.8):
    - AFNetworking (~> 3.2.1)
    - DZNEmptyDataSet (~> 1.8.1)
    - FMDBExtension
    - LTxCategories
    - LTxCore/Controllers
    - MBProgressHUD
    - MJRefresh (~> 3.1.15.3)
    - SSZipArchive (~> 2.1.3)
  - LTxCore/Model (0.5.8):
    - AFNetworking (~> 3.2.1)
    - DZNEmptyDataSet (~> 1.8.1)
    - FMDBExtension
    - LTxCategories
    - MBProgressHUD
    - MJRefresh (~> 3.1.15.3)
    - SSZipArchive (~> 2.1.3)
  - LTxCore/Utils (0.5.8):
    - AFNetworking (~> 3.2.1)
    - DZNEmptyDataSet (~> 1.8.1)
    - FMDBExtension
    - LTxCategories
    - LTxCore/Model
    - MBProgressHUD
    - MJRefresh (~> 3.1.15.3)
    - SSZipArchive (~> 2.1.3)
  - LTxCore/ViewModel (0.5.8):
    - AFNetworking (~> 3.2.1)
    - DZNEmptyDataSet (~> 1.8.1)
    - FMDBExtension
    - LTxCategories
    - LTxCore/Utils
    - MBProgressHUD
    - MJRefresh (~> 3.1.15.3)
    - SSZipArchive (~> 2.1.3)
  - LTxCore/Views (0.5.8):
    - AFNetworking (~> 3.2.1)
    - DZNEmptyDataSet (~> 1.8.1)
    - FMDBExtension
    - LTxCategories
    - LTxCore/Utils
    - MBProgressHUD
    - MJRefresh (~> 3.1.15.3)
    - SSZipArchive (~> 2.1.3)
  - LTxEepMSippr (0.0.5):
    - LTxCore
    - LTxEepMSippr/Core (= 0.0.5)
    - LTxEepMSippr/Util (= 0.0.5)
    - LTxEepMSippr/ViewModel (= 0.0.5)
    - LTxPopup
  - LTxEepMSippr/Core (0.0.5):
    - LTxCore
    - LTxEepMSippr/Util
    - LTxEepMSippr/ViewModel
    - LTxPopup
  - LTxEepMSippr/Util (0.0.5):
    - LTxCore
    - LTxPopup
  - LTxEepMSippr/ViewModel (0.0.5):
    - LTxCore
    - LTxPopup
  - LTxPopup (0.0.5):
    - LTxPopup/Core (= 0.0.5)
  - LTxPopup/Alert (0.0.5)
  - LTxPopup/Common (0.0.5)
  - LTxPopup/Core (0.0.5):
    - LTxPopup/Alert
    - LTxPopup/Menu
    - LTxPopup/Toast
    - LTxPopup/View
  - LTxPopup/Menu (0.0.5)
  - LTxPopup/Toast (0.0.5):
    - LTxPopup/Common
  - LTxPopup/View (0.0.5):
    - LTxPopup/Common
  - LTxSetting (0.0.4):
    - LTxCamera
    - LTxEepMSippr
    - LTxSetting/LTxSettingForSippr (= 0.0.4)
  - LTxSetting/LTxSettingForSippr (0.0.4):
    - LTxCamera
    - LTxEepMSippr
    - LTxSetting/LTxSettingForSippr/Controllers (= 0.0.4)
    - LTxSetting/LTxSettingForSippr/Core (= 0.0.4)
    - LTxSetting/LTxSettingForSippr/Model (= 0.0.4)
    - LTxSetting/LTxSettingForSippr/Views (= 0.0.4)
  - LTxSetting/LTxSettingForSippr/Controllers (0.0.4):
    - LTxCamera
    - LTxEepMSippr
    - LTxSetting/LTxSettingForSippr/Views
  - LTxSetting/LTxSettingForSippr/Core (0.0.4):
    - LTxCamera
    - LTxEepMSippr
    - LTxSetting/LTxSettingForSippr/Controllers
  - LTxSetting/LTxSettingForSippr/Model (0.0.4):
    - LTxCamera
    - LTxEepMSippr
  - LTxSetting/LTxSettingForSippr/Views (0.0.4):
    - LTxCamera
    - LTxEepMSippr
    - LTxSetting/LTxSettingForSippr/Model
  - MBProgressHUD (1.1.0)
  - MJRefresh (3.1.15.7)
  - SSZipArchive (2.1.5)

DEPENDENCIES:
  - LTxCamera
  - LTxCore
  - LTxPopup
  - LTxSetting (from `../`)

SPEC REPOS:
  https://github.com/cocoapods/specs.git:
    - AFNetworking
    - DZNEmptyDataSet
    - FMDB
    - FMDBExtension
    - LTxCamera
    - LTxCategories
    - LTxCore
    - LTxEepMSippr
    - LTxPopup
    - MBProgressHUD
    - MJRefresh
    - SSZipArchive

EXTERNAL SOURCES:
  LTxSetting:
    :path: "../"

SPEC CHECKSUMS:
  AFNetworking: b6f891fdfaed196b46c7a83cf209e09697b94057
  DZNEmptyDataSet: 9525833b9e68ac21c30253e1d3d7076cc828eaa7
  FMDB: 2ce00b547f966261cd18927a3ddb07cb6f3db82a
  FMDBExtension: 33ee28f807f6fbba27a35ffbd4954ff31d9ce4fb
  LTxCamera: 5d7338895e6415d5c8832293c6de2633502ec7e8
  LTxCategories: c7cc5c8d6a1190d716bfab51cb3b29ddf4d8c312
  LTxCore: 368081f51de773955d47cc6d8f612a27830d4890
  LTxEepMSippr: 99c24594903f9cb24f4b031a00faa403304574a3
  LTxPopup: 22d5811502dc4591c757dd57352355929fefa608
  LTxSetting: bc792bf5c5a9d69ebea9f0c3edf020613ac05521
  MBProgressHUD: e7baa36a220447d8aeb12769bf0585582f3866d9
  MJRefresh: 697f8ec75ebdbe9207767bb682cf0f51b0d8a41f
  SSZipArchive: cefe1364104a0231268a5deb8495bdf2861f52f0

PODFILE CHECKSUM: e7ee277f253698d87e94f6dce6437a4e55cf0a8c

COCOAPODS: 1.7.3
